{
  "name": "stevie-streamed-relay",
  "version": "1.0.0",
  "lockfileVersion": 3,
  "requires": true,
  "packages": {
    "": {
      "name": "stevie-streamed-relay",
      "version": "1.0.0",
      "hasInstallScript": true,
      "dependencies": {
        "happy-dom": "^20.0.0",
        "impit": "^0.14.5"
      }
    },
    "node_modules/@types/node": {
      "version": "26.6.4",
      "resolved": "https://registry.npmjs.org/@types/node/-/node-26.6.4.tgz",
      "integrity": "sha512-ldVPDCzj7fsaGZrLB0NuHuTvJcsNasysBAqMolr/cgxrLd1xbqxIr3XJiPnHHJUCxj5sNF1vnRj9aWnrVh5Jcg==",
      "license": "MIT",
      "dependencies": {
        "undici-types": "~8.9.0"
      }
    },
    "node_modules/@types/whatwg-mimetype": {
      "version": "3.0.2",
      "resolved": "https://registry.npmjs.org/@types/whatwg-mimetype/-/whatwg-mimetype-3.0.2.tgz",
      "integrity": "sha512-c2AKvDT8ToxLIOUlN51gTiHXflsfIFisS4pO7pDPoKouJCESkhZnEy623gwP9laCy5lnLDAw1vAzu2vM2YLOrA==",
      "license": "MIT"
    },
    "node_modules/@types/ws": {
      "version": "8.18.2",
      "resolved": "https://registry.npmjs.org/@types/ws/-/ws-8.18.2.tgz",
      "integrity": "sha512-67MQl+fpWKVTT1NYdnmo3U4sc/xPo/zQBncVnI74qmQa0z/b+1g6iYqNmGCPbxO+zz2aklb08a0oHfegiVd0/w==",
      "license": "MIT",
      "dependencies": {
        "@types/node": "*"
      }
    },
    "node_modules/buffer-image-size": {
      "version": "0.6.4",
      "resolved": "https://registry.npmjs.org/buffer-image-size/-/buffer-image-size-0.6.4.tgz",
      "integrity": "sha512-nEh+kZOPY1w+gcCMobZ6ETUp9WfibndnosbpwB1iJk/8Gt5ZF2bhS6+B6bPYz424KtwsR6Rflc3tCz1/ghX2dQ==",
      "license": "MIT",
      "dependencies": {
        "@types/node": "*"
      },
      "engines": {
        "node": ">=4.0"
      }
    },
    "node_modules/entities": {
      "version": "7.0.1",
      "resolved": "https://registry.npmjs.org/entities/-/entities-7.0.1.tgz",
      "integrity": "sha512-TWrgLOFUQTH994YUyl1yT4uyavY5nNB5muff+RtWaqNVCAK408b5ZnnbNAUEWLTCpum9w6arT70i1XdQ4UeOPA==",
      "license": "BSD-2-Clause",
      "engines": {
        "node": ">=0.12"
      },
      "funding": {
        "url": "https://github.com/fb55/entities?sponsor=1"
      }
    },
    "node_modules/happy-dom": {
      "version": "20.14.5",
      "resolved": "https://registry.npmjs.org/happy-dom/-/happy-dom-20.14.5.tgz",
      "integrity": "sha512-x/RzkpWO40bTjIoT30iQtt64FLLmH/iRcUCN2X//bLx7H3ifkdfPXyqsro/OYtqzIAhiLMMA7mmiOR9C3NOKjQ==",
      "license": "MIT",
      "dependencies": {
        "@types/node": ">=20.0.0",
        "@types/whatwg-mimetype": "^3.0.2",
        "@types/ws": "^8.18.1",
        "buffer-image-size": "^0.6.4",
        "entities": "^7.0.1",
        "whatwg-mimetype": "^3.0.0",
        "ws": "^8.21.0"
      },
      "engines": {
        "node": ">=20.0.0"
      }
    },
    "node_modules/impit": {
      "version": "0.14.5",
      "resolved": "https://registry.npmjs.org/impit/-/impit-0.14.5.tgz",
      "integrity": "sha512-MzoDiPBL5+QI5IEro4VDgZdm0BPY0LIf8tUykEFDjEI8NrjRL/qiiCqg4GDlIg5UbJzrKwCdvIgpRRArbbu7Dg==",
      "license": "Apache-2.0",
      "engines": {
        "node": ">= 20"
      },
      "optionalDependencies": {
        "impit-darwin-arm64": "0.14.5",
        "impit-darwin-x64": "0.14.5",
        "impit-linux-arm64-gnu": "0.14.5",
        "impit-linux-arm64-musl": "0.14.5",
        "impit-linux-x64-gnu": "0.14.5",
        "impit-linux-x64-musl": "0.14.5",
        "impit-win32-arm64-msvc": "0.14.5",
        "impit-win32-x64-msvc": "0.14.5"
      }
    },
    "node_modules/impit-darwin-arm64": {
      "version": "0.14.5",
      "resolved": "https://registry.npmjs.org/impit-darwin-arm64/-/impit-darwin-arm64-0.14.5.tgz",
      "integrity": "sha512-9B2fc/GLfb14SgIB6fK1zIgMsXPjCu14Xu9hudSyrZF+ue6XaJXFF/G1BS27FtDFdPAYAeUTReFOJBrglteYKg==",
      "cpu": [
        "arm64"
      ],
      "license": "Apache-2.0",
      "optional": true,
      "os": [
        "darwin"
      ],
      "engines": {
        "node": ">= 10"
      }
    },
    "node_modules/impit-darwin-x64": {
      "version": "0.14.5",
      "resolved": "https://registry.npmjs.org/impit-darwin-x64/-/impit-darwin-x64-0.14.5.tgz",
      "integrity": "sha512-EBH6H6SSRuMpw85/n+luT0EcbNbp6vQpUaEywH4bM2bk/xy8y6JN25O/Mzxa4YGUauoytmMqXs0kDzU5lxEjaA==",
      "cpu": [
        "x64"
      ],
      "license": "Apache-2.0",
      "optional": true,
      "os": [
        "darwin"
      ],
      "engines": {
        "node": ">= 10"
      }
    },
    "node_modules/impit-linux-arm64-gnu": {
      "version": "0.14.5",
      "resolved": "https://registry.npmjs.org/impit-linux-arm64-gnu/-/impit-linux-arm64-gnu-0.14.5.tgz",
      "integrity": "sha512-K7gB/KiekPZ+rDoFZqbBf1jROOHibZneGmM0lt/5xcn2lO+7e9GgArdPFj6sh4fvhtOckXxEc1ExpZP+lDy3Cg==",
      "cpu": [
        "arm64"
      ],
      "license": "Apache-2.0",
      "optional": true,
      "os": [
        "linux"
      ],
      "engines": {
        "node": ">= 10"
      }
    },
    "node_modules/impit-linux-arm64-musl": {
      "version": "0.14.5",
      "resolved": "https://registry.npmjs.org/impit-linux-arm64-musl/-/impit-linux-arm64-musl-0.14.5.tgz",
      "integrity": "sha512-QvjBwjYu1LXP+ota94z9fThRZjH75/Bai36eHvXUTiiFyesRRsmClc72ReyyaarnNNjcsl2RActqFMDrx77DXg==",
      "cpu": [
        "arm64"
      ],
      "license": "Apache-2.0",
      "optional": true,
      "os": [
        "linux"
      ],
      "engines": {
        "node": ">= 10"
      }
    },
    "node_modules/impit-linux-x64-gnu": {
      "version": "0.14.5",
      "resolved": "https://registry.npmjs.org/impit-linux-x64-gnu/-/impit-linux-x64-gnu-0.14.5.tgz",
      "integrity": "sha512-+8hErR5H3+4N9r4vf5Cz6cSe57n/0zh5ksHBu2H9i5pENcM/VBRJ5qU5a3YjQwN4Ohtw/ROHBLF6V99eXUzThA==",
      "cpu": [
        "x64"
      ],
      "license": "Apache-2.0",
      "optional": true,
      "os": [
        "linux"
      ],
      "engines": {
        "node": ">= 10"
      }
    },
    "node_modules/impit-linux-x64-musl": {
      "version": "0.14.5",
      "resolved": "https://registry.npmjs.org/impit-linux-x64-musl/-/impit-linux-x64-musl-0.14.5.tgz",
      "integrity": "sha512-e6526hjfX8BV3XNhB1V7Xd3dJIEbLEwudZagwt4XdLqKcxHsU0iYnUyTJCogSQeEtZFepCSKUnGeg/r2lzxHow==",
      "cpu": [
        "x64"
      ],
      "license": "Apache-2.0",
      "optional": true,
      "os": [
        "linux"
      ],
      "engines": {
        "node": ">= 10"
      }
    },
    "node_modules/impit-win32-arm64-msvc": {
      "version": "0.14.5",
      "resolved": "https://registry.npmjs.org/impit-win32-arm64-msvc/-/impit-win32-arm64-msvc-0.14.5.tgz",
      "integrity": "sha512-cABSwp3T1kNNp7++nyE8OlRuq8q9Cis3bWRHJjnTncfJ+NQlY0z1z3aLrI9ii1vvinCurCEWASuTptVSor5U1g==",
      "cpu": [
        "arm64"
      ],
      "license": "Apache-2.0",
      "optional": true,
      "os": [
        "win32"
      ],
      "engines": {
        "node": ">= 10"
      }
    },
    "node_modules/impit-win32-x64-msvc": {
      "version": "0.14.5",
      "resolved": "https://registry.npmjs.org/impit-win32-x64-msvc/-/impit-win32-x64-msvc-0.14.5.tgz",
      "integrity": "sha512-JvjNkJ3mSB9nf74Ftdlr+KNxCC0EOAH6KUfEUqWRrGEnniIaUOMknxQw56Gbk7Zr1/e5eAOwxS/EBlASp6Yj4w==",
      "cpu": [
        "x64"
      ],
      "license": "Apache-2.0",
      "optional": true,
      "os": [
        "win32"
      ],
      "engines": {
        "node": ">= 10"
      }
    },
    "node_modules/undici-types": {
      "version": "8.9.0",
      "resolved": "https://registry.npmjs.org/undici-types/-/undici-types-8.9.0.tgz",
      "integrity": "sha512-KTDyRTYX8sWmKXAikPHHSyc63CRPETMctyjKFupcC6OBLXT3xsN0e9aF7m+mIXutFWpUXuedtowG7iLOzp0kQg==",
      "license": "MIT"
    },
    "node_modules/whatwg-mimetype": {
      "version": "3.0.0",
      "resolved": "https://registry.npmjs.org/whatwg-mimetype/-/whatwg-mimetype-3.0.0.tgz",
      "integrity": "sha512-nt+N2dzIutVRxARx1nghPKGv1xHikU7HKdfafKkLNLindmPU/ch3U31NOCGGA/dmPcmb1VlofO0vnKAcsm0o/Q==",
      "license": "MIT",
      "engines": {
        "node": ">=12"
      }
    },
    "node_modules/ws": {
      "version": "8.22.0",
      "resolved": "https://registry.npmjs.org/ws/-/ws-8.22.0.tgz",
      "integrity": "sha512-Ydggc987+RO0AnWtZ/7Wq9FtNvcrL1b/RO0ud9mWjUPgDrsAAwQSF51sm2hm1XofbU/4jkpGEsLFsZZxU+1DOg==",
      "license": "MIT",
      "engines": {
        "node": ">=10.0.0"
      },
      "peerDependencies": {
        "bufferutil": "^4.0.1",
        "utf-8-validate": ">=5.0.2"
      },
      "peerDependenciesMeta": {
        "bufferutil": {
          "optional": true
        },
        "utf-8-validate": {
          "optional": true
        }
      }
    }
  }
}
